// !$*UTF8*$!
{
	archiveVersion = 1;
	classes = {
	};
	objectVersion = 55;
	objects = {

/* Begin PBXBuildFile section */
		41708BF928ACE9370062808A /* AppDelegate.swift in Sources */ = {isa = PBXBuildFile; fileRef = 41708BF828ACE9370062808A /* AppDelegate.swift */; };
		41708BFB28ACE9370062808A /* SceneDelegate.swift in Sources */ = {isa = PBXBuildFile; fileRef = 41708BFA28ACE9370062808A /* SceneDelegate.swift */; };
		41708BFD28ACE9370062808A /* ViewController.swift in Sources */ = {isa = PBXBuildFile; fileRef = 41708BFC28ACE9370062808A /* ViewController.swift */; };
		41708C0028ACE9370062808A /* Main.storyboard in Resources */ = {isa = PBXBuildFile; fileRef = 41708BFE28ACE9370062808A /* Main.storyboard */; };
		41708C0228ACE9380062808A /* Assets.xcassets in Resources */ = {isa = PBXBuildFile; fileRef = 41708C0128ACE9380062808A /* Assets.xcassets */; };
		41708C0528ACE9380062808A /* LaunchScreen.storyboard in Resources */ = {isa = PBXBuildFile; fileRef = 41708C0328ACE9380062808A /* LaunchScreen.storyboard */; };
		41F2306528AD5A4900AC8F58 /* questionWebView.swift in Sources */ = {isa = PBXBuildFile; fileRef = 41F2306428AD5A4900AC8F58 /* questionWebView.swift */; };
		41F2306728AD5FB500AC8F58 /* DataStructs.swift in Sources */ = {isa = PBXBuildFile; fileRef = 41F2306628AD5FB500AC8F58 /* DataStructs.swift */; };
		41F2306928AE162600AC8F58 /* ViewController+UITableViewDelegate.swift in Sources */ = {isa = PBXBuildFile; fileRef = 41F2306828AE162600AC8F58 /* ViewController+UITableViewDelegate.swift */; };
		41F2306B28AE178D00AC8F58 /* AppData.swift in Sources */ = {isa = PBXBuildFile; fileRef = 41F2306A28AE178D00AC8F58 /* AppData.swift */; };
		41F2306D28AE19DE00AC8F58 /* ViewController+UserDataDelegate+QuestionDataDelegate.swift in Sources */ = {isa = PBXBuildFile; fileRef = 41F2306C28AE19DE00AC8F58 /* ViewController+UserDataDelegate+QuestionDataDelegate.swift */; };
		7FFE32A70C14E4FFC6AE4AAD /* Pods_exam002StackExchange.framework in Frameworks */ = {isa = PBXBuildFile; fileRef = FDB65F44CC9EE87F3EB70166 /* Pods_exam002StackExchange.framework */; };
/* End PBXBuildFile section */

/* Begin PBXFileReference section */
		03E6D1C1BE3C8C2B2A5313F4 /* Pods-exam002StackExchange.debug.xcconfig */ = {isa = PBXFileReference; includeInIndex = 1; lastKnownFileType = text.xcconfig; name = "Pods-exam002StackExchange.debug.xcconfig"; path = "Target Support Files/Pods-exam002StackExchange/Pods-exam002StackExchange.debug.xcconfig"; sourceTree = "<group>"; };
		133CDD7788CF427331E711CF /* Pods-exam002StackExchange.release.xcconfig */ = {isa = PBXFileReference; includeInIndex = 1; lastKnownFileType = text.xcconfig; name = "Pods-exam002StackExchange.release.xcconfig"; path = "Target Support Files/Pods-exam002StackExchange/Pods-exam002StackExchange.release.xcconfig"; sourceTree = "<group>"; };
		41708BF528ACE9370062808A /* exam002StackExchange.app */ = {isa = PBXFileReference; explicitFileType = wrapper.application; includeInIndex = 0; path = exam002StackExchange.app; sourceTree = BUILT_PRODUCTS_DIR; };
		41708BF828ACE9370062808A /* AppDelegate.swift */ = {isa = PBXFileReference; lastKnownFileType = sourcecode.swift; path = AppDelegate.swift; sourceTree = "<group>"; };
		41708BFA28ACE9370062808A /* SceneDelegate.swift */ = {isa = PBXFileReference; lastKnownFileType = sourcecode.swift; path = SceneDelegate.swift; sourceTree = "<group>"; };
		41708BFC28ACE9370062808A /* ViewController.swift */ = {isa = PBXFileReference; lastKnownFileType = sourcecode.swift; path = ViewController.swift; sourceTree = "<group>"; };
		41708BFF28ACE9370062808A /* Base */ = {isa = PBXFileReference; lastKnownFileType = file.storyboard; name = Base; path = Base.lproj/Main.storyboard; sourceTree = "<group>"; };
		41708C0128ACE9380062808A /* Assets.xcassets */ = {isa = PBXFileReference; lastKnownFileType = folder.assetcatalog; path = Assets.xcassets; sourceTree = "<group>"; };
		41708C0428ACE9380062808A /* Base */ = {isa = PBXFileReference; lastKnownFileType = file.storyboard; name = Base; path = Base.lproj/LaunchScreen.storyboard; sourceTree = "<group>"; };
		41708C0628ACE9380062808A /* Info.plist */ = {isa = PBXFileReference; lastKnownFileType = text.plist.xml; path = Info.plist; sourceTree = "<group>"; };
		41F2306428AD5A4900AC8F58 /* questionWebView.swift */ = {isa = PBXFileReference; lastKnownFileType = sourcecode.swift; path = questionWebView.swift; sourceTree = "<group>"; };
		41F2306628AD5FB500AC8F58 /* DataStructs.swift */ = {isa = PBXFileReference; lastKnownFileType = sourcecode.swift; path = DataStructs.swift; sourceTree = "<group>"; };
		41F2306828AE162600AC8F58 /* ViewController+UITableViewDelegate.swift */ = {isa = PBXFileReference; lastKnownFileType = sourcecode.swift; path = "ViewController+UITableViewDelegate.swift"; sourceTree = "<group>"; };
		41F2306A28AE178D00AC8F58 /* AppData.swift */ = {isa = PBXFileReference; lastKnownFileType = sourcecode.swift; path = AppData.swift; sourceTree = "<group>"; };
		41F2306C28AE19DE00AC8F58 /* ViewController+UserDataDelegate+QuestionDataDelegate.swift */ = {isa = PBXFileReference; lastKnownFileType = sourcecode.swift; path = "ViewController+UserDataDelegate+QuestionDataDelegate.swift"; sourceTree = "<group>"; };
		FDB65F44CC9EE87F3EB70166 /* Pods_exam002StackExchange.framework */ = {isa = PBXFileReference; explicitFileType = wrapper.framework; includeInIndex = 0; path = Pods_exam002StackExchange.framework; sourceTree = BUILT_PRODUCTS_DIR; };
/* End PBXFileReference section */

/* Begin PBXFrameworksBuildPhase section */
		41708BF228ACE9370062808A /* Frameworks */ = {
			isa = PBXFrameworksBuildPhase;
			buildActionMask = 2147483647;
			files = (
				7FFE32A70C14E4FFC6AE4AAD /* Pods_exam002StackExchange.framework in Frameworks */,
			);
			runOnlyForDeploymentPostprocessing = 0;
		};
/* End PBXFrameworksBuildPhase section */

/* Begin PBXGroup section */
		314D983A6D146CF05EDF915F /* Frameworks */ = {
			isa = PBXGroup;
			children = (
				FDB65F44CC9EE87F3EB70166 /* Pods_exam002StackExchange.framework */,
			);
			name = Frameworks;
			sourceTree = "<group>";
		};
		41708BEC28ACE9370062808A = {
			isa = PBXGroup;
			children = (
				41708BF728ACE9370062808A /* exam002StackExchange */,
				41708BF628ACE9370062808A /* Products */,
				B799B382AC7F458F004D5D87 /* Pods */,
				314D983A6D146CF05EDF915F /* Frameworks */,
			);
			sourceTree = "<group>";
		};
		41708BF628ACE9370062808A /* Products */ = {
			isa = PBXGroup;
			children = (
				41708BF528ACE9370062808A /* exam002StackExchange.app */,
			);
			name = Products;
			sourceTree = "<group>";
		};
		41708BF728ACE9370062808A /* exam002StackExchange */ = {
			isa = PBXGroup;
			children = (
				41708BF828ACE9370062808A /* AppDelegate.swift */,
				41708BFA28ACE9370062808A /* SceneDelegate.swift */,
				41708BFC28ACE9370062808A /* ViewController.swift */,
				41F2306828AE162600AC8F58 /* ViewController+UITableViewDelegate.swift */,
				41F2306C28AE19DE00AC8F58 /* ViewController+UserDataDelegate+QuestionDataDelegate.swift */,
				41F2306428AD5A4900AC8F58 /* questionWebView.swift */,
				41F2306628AD5FB500AC8F58 /* DataStructs.swift */,
				41F2306A28AE178D00AC8F58 /* AppData.swift */,
				41708BFE28ACE9370062808A /* Main.storyboard */,
				41708C0128ACE9380062808A /* Assets.xcassets */,
				41708C0328ACE9380062808A /* LaunchScreen.storyboard */,
				41708C0628ACE9380062808A /* Info.plist */,
			);
			path = exam002StackExchange;
			sourceTree = "<group>";
		};
		B799B382AC7F458F004D5D87 /* Pods */ = {
			isa = PBXGroup;
			children = (
				03E6D1C1BE3C8C2B2A5313F4 /* Pods-exam002StackExchange.debug.xcconfig */,
				133CDD7788CF427331E711CF /* Pods-exam002StackExchange.release.xcconfig */,
			);
			path = Pods;
			sourceTree = "<group>";
		};
/* End PBXGroup section */

/* Begin PBXNativeTarget section */
		41708BF428ACE9370062808A /* exam002StackExchange */ = {
			isa = PBXNativeTarget;
			buildConfigurationList = 41708C0928ACE9380062808A /* Build configuration list for PBXNativeTarget "exam002StackExchange" */;
			buildPhases = (
				05EEB6E6AD0418A7D3DAFFC1 /* [CP] Check Pods Manifest.lock */,
				41708BF128ACE9370062808A /* Sources */,
				41708BF228ACE9370062808A /* Frameworks */,
				41708BF328ACE9370062808A /* Resources */,
				9F8C0EC3597A8F26192A13FE /* [CP] Embed Pods Frameworks */,
			);
			buildRules = (
			);
			dependencies = (
			);
			name = exam002StackExchange;
			productName = exam002StackExchange;
			productReference = 41708BF528ACE9370062808A /* exam002StackExchange.app */;
			productType = "com.apple.product-type.application";
		};
/* End PBXNativeTarget section */

/* Begin PBXProject section */
		41708BED28ACE9370062808A /* Project object */ = {
			isa = PBXProject;
			attributes = {
				BuildIndependentTargetsInParallel = 1;
				LastSwiftUpdateCheck = 1340;
				LastUpgradeCheck = 1340;
				TargetAttributes = {
					41708BF428ACE9370062808A = {
						CreatedOnToolsVersion = 13.4.1;
					};
				};
			};
			buildConfigurationList = 41708BF028ACE9370062808A /* Build configuration list for PBXProject "exam002StackExchange" */;
			compatibilityVersion = "Xcode 13.0";
			developmentRegion = en;
			hasScannedForEncodings = 0;
			knownRegions = (
				en,
				Base,
			);
			mainGroup = 41708BEC28ACE9370062808A;
			productRefGroup = 41708BF628ACE9370062808A /* Products */;
			projectDirPath = "";
			projectRoot = "";
			targets = (
				41708BF428ACE9370062808A /* exam002StackExchange */,
			);
		};
/* End PBXProject section */

/* Begin PBXResourcesBuildPhase section */
		41708BF328ACE9370062808A /* Resources */ = {
			isa = PBXResourcesBuildPhase;
			buildActionMask = 2147483647;
			files = (
				41708C0528ACE9380062808A /* LaunchScreen.storyboard in Resources */,
				41708C0228ACE9380062808A /* Assets.xcassets in Resources */,
				41708C0028ACE9370062808A /* Main.storyboard in Resources */,
			);
			runOnlyForDeploymentPostprocessing = 0;
		};
/* End PBXResourcesBuildPhase section */

/* Begin PBXShellScriptBuildPhase section */
		05EEB6E6AD0418A7D3DAFFC1 /* [CP] Check Pods Manifest.lock */ = {
			isa = PBXShellScriptBuildPhase;
			buildActionMask = 2147483647;
			files = (
			);
			inputFileListPaths = (
			);
			inputPaths = (
				"${PODS_PODFILE_DIR_PATH}/Podfile.lock",
				"${PODS_ROOT}/Manifest.lock",
			);
			name = "[CP] Check Pods Manifest.lock";
			outputFileListPaths = (
			);
			outputPaths = (
				"$(DERIVED_FILE_DIR)/Pods-exam002StackExchange-checkManifestLockResult.txt",
			);
			runOnlyForDeploymentPostprocessing = 0;
			shellPath = /bin/sh;
			shellScript = "diff \"${PODS_PODFILE_DIR_PATH}/Podfile.lock\" \"${PODS_ROOT}/Manifest.lock\" > /dev/null\nif [ $? != 0 ] ; then\n    # print error to STDERR\n    echo \"error: The sandbox is not in sync with the Podfile.lock. Run 'pod install' or update your CocoaPods installation.\" >&2\n    exit 1\nfi\n# This output is used by Xcode 'outputs' to avoid re-running this script phase.\necho \"SUCCESS\" > \"${SCRIPT_OUTPUT_FILE_0}\"\n";
			showEnvVarsInLog = 0;
		};
		9F8C0EC3597A8F26192A13FE /* [CP] Embed Pods Frameworks */ = {
			isa = PBXShellScriptBuildPhase;
			buildActionMask = 2147483647;
			files = (
			);
			inputFileListPaths = (
				"${PODS_ROOT}/Target Support Files/Pods-exam002StackExchange/Pods-exam002StackExchange-frameworks-${CONFIGURATION}-input-files.xcfilelist",
			);
			name = "[CP] Embed Pods Frameworks";
			outputFileListPaths = (
				"${PODS_ROOT}/Target Support Files/Pods-exam002StackExchange/Pods-exam002StackExchange-frameworks-${CONFIGURATION}-output-files.xcfilelist",
			);
			runOnlyForDeploymentPostprocessing = 0;
			shellPath = /bin/sh;
			shellScript = "\"${PODS_ROOT}/Target Support Files/Pods-exam002StackExchange/Pods-exam002StackExchange-frameworks.sh\"\n";
			showEnvVarsInLog = 0;
		};
/* End PBXShellScriptBuildPhase section */

/* Begin PBXSourcesBuildPhase section */
		41708BF128ACE9370062808A /* Sources */ = {
			isa = PBXSourcesBuildPhase;
			buildActionMask = 2147483647;
			files = (
				41F2306528AD5A4900AC8F58 /* questionWebView.swift in Sources */,
				41708BFD28ACE9370062808A /* ViewController.swift in Sources */,
				41F2306B28AE178D00AC8F58 /* AppData.swift in Sources */,
				41708BF928ACE9370062808A /* AppDelegate.swift in Sources */,
				41F2306928AE162600AC8F58 /* ViewController+UITableViewDelegate.swift in Sources */,
				41F2306728AD5FB500AC8F58 /* DataStructs.swift in Sources */,
				41F2306D28AE19DE00AC8F58 /* ViewController+UserDataDelegate+QuestionDataDelegate.swift in Sources */,
				41708BFB28ACE9370062808A /* SceneDelegate.swift in Sources */,
			);
			runOnlyForDeploymentPostprocessing = 0;
		};
/* End PBXSourcesBuildPhase section */

/* Begin PBXVariantGroup section */
		41708BFE28ACE9370062808A /* Main.storyboard */ = {
			isa = PBXVariantGroup;
			children = (
				41708BFF28ACE9370062808A /* Base */,
			);
			name = Main.storyboard;
			sourceTree = "<group>";
		};
		41708C0328ACE9380062808A /* LaunchScreen.storyboard */ = {
			isa = PBXVariantGroup;
			children = (
				41708C0428ACE9380062808A /* Base */,
			);
			name = LaunchScreen.storyboard;
			sourceTree = "<group>";
		};
/* End PBXVariantGroup section */

/* Begin XCBuildConfiguration section */
		41708C0728ACE9380062808A /* Debug */ = {
			isa = XCBuildConfiguration;
			buildSettings = {
				ALWAYS_SEARCH_USER_PATHS = NO;
				CLANG_ANALYZER_NONNULL = YES;
				CLANG_ANALYZER_NUMBER_OBJECT_CONVERSION = YES_AGGRESSIVE;
				CLANG_CXX_LANGUAGE_STANDARD = "gnu++17";
				CLANG_ENABLE_MODULES = YES;
				CLANG_ENABLE_OBJC_ARC = YES;
				CLANG_ENABLE_OBJC_WEAK = YES;
				CLANG_WARN_BLOCK_CAPTURE_AUTORELEASING = YES;
				CLANG_WARN_BOOL_CONVERSION = YES;
				CLANG_WARN_COMMA = YES;
				CLANG_WARN_CONSTANT_CONVERSION = YES;
				CLANG_WARN_DEPRECATED_OBJC_IMPLEMENTATIONS = YES;
				CLANG_WARN_DIRECT_OBJC_ISA_USAGE = YES_ERROR;
				CLANG_WARN_DOCUMENTATION_COMMENTS = YES;
				CLANG_WARN_EMPTY_BODY = YES;
				CLANG_WARN_ENUM_CONVERSION = YES;
				CLANG_WARN_INFINITE_RECURSION = YES;
				CLANG_WARN_INT_CONVERSION = YES;
				CLANG_WARN_NON_LITERAL_NULL_CONVERSION = YES;
				CLANG_WARN_OBJC_IMPLICIT_RETAIN_SELF = YES;
				CLANG_WARN_OBJC_LITERAL_CONVERSION = YES;
				CLANG_WARN_OBJC_ROOT_CLASS = YES_ERROR;
				CLANG_WARN_QUOTED_INCLUDE_IN_FRAMEWORK_HEADER = YES;
				CLANG_WARN_RANGE_LOOP_ANALYSIS = YES;
				CLANG_WARN_STRICT_PROTOTYPES = YES;
				CLANG_WARN_SUSPICIOUS_MOVE = YES;
				CLANG_WARN_UNGUARDED_AVAILABILITY = YES_AGGRESSIVE;
				CLANG_WARN_UNREACHABLE_CODE = YES;
				CLANG_WARN__DUPLICATE_METHOD_MATCH = YES;
				COPY_PHASE_STRIP = NO;
				DEBUG_INFORMATION_FORMAT = dwarf;
				ENABLE_STRICT_OBJC_MSGSEND = YES;
				ENABLE_TESTABILITY = YES;
				GCC_C_LANGUAGE_STANDARD = gnu11;
				GCC_DYNAMIC_NO_PIC = NO;
				GCC_NO_COMMON_BLOCKS = YES;
				GCC_OPTIMIZATION_LEVEL = 0;
				GCC_PREPROCESSOR_DEFINITIONS = (
					"DEBUG=1",
					"$(inherited)",
				);
				GCC_WARN_64_TO_32_BIT_CONVERSION = YES;
				GCC_WARN_ABOUT_RETURN_TYPE = YES_ERROR;
				GCC_WARN_UNDECLARED_SELECTOR = YES;
				GCC_WARN_UNINITIALIZED_AUTOS = YES_AGGRESSIVE;
				GCC_WARN_UNUSED_FUNCTION = YES;
				GCC_WARN_UNUSED_VARIABLE = YES;
				IPHONEOS_DEPLOYMENT_TARGET = 15.5;
				MTL_ENABLE_DEBUG_INFO = INCLUDE_SOURCE;
				MTL_FAST_MATH = YES;
				ONLY_ACTIVE_ARCH = YES;
				SDKROOT = iphoneos;
				SWIFT_ACTIVE_COMPILATION_CONDITIONS = DEBUG;
				SWIFT_OPTIMIZATION_LEVEL = "-Onone";
			};
			name = Debug;
		};
		41708C0828ACE9380062808A /* Release */ = {
			isa = XCBuildConfiguration;
			buildSettings = {
				ALWAYS_SEARCH_USER_PATHS = NO;
				CLANG_ANALYZER_NONNULL = YES;
				CLANG_ANALYZER_NUMBER_OBJECT_CONVERSION = YES_AGGRESSIVE;
				CLANG_CXX_LANGUAGE_STANDARD = "gnu++17";
				CLANG_ENABLE_MODULES = YES;
				CLANG_ENABLE_OBJC_ARC = YES;
				CLANG_ENABLE_OBJC_WEAK = YES;
				CLANG_WARN_BLOCK_CAPTURE_AUTORELEASING = YES;
				CLANG_WARN_BOOL_CONVERSION = YES;
				CLANG_WARN_COMMA = YES;
				CLANG_WARN_CONSTANT_CONVERSION = YES;
				CLANG_WARN_DEPRECATED_OBJC_IMPLEMENTATIONS = YES;
				CLANG_WARN_DIRECT_OBJC_ISA_USAGE = YES_ERROR;
				CLANG_WARN_DOCUMENTATION_COMMENTS = YES;
				CLANG_WARN_EMPTY_BODY = YES;
				CLANG_WARN_ENUM_CONVERSION = YES;
				CLANG_WARN_INFINITE_RECURSION = YES;
				CLANG_WARN_INT_CONVERSION = YES;
				CLANG_WARN_NON_LITERAL_NULL_CONVERSION = YES;
				CLANG_WARN_OBJC_IMPLICIT_RETAIN_SELF = YES;
				CLANG_WARN_OBJC_LITERAL_CONVERSION = YES;
				CLANG_WARN_OBJC_ROOT_CLASS = YES_ERROR;
				CLANG_WARN_QUOTED_INCLUDE_IN_FRAMEWORK_HEADER = YES;
				CLANG_WARN_RANGE_LOOP_ANALYSIS = YES;
				CLANG_WARN_STRICT_PROTOTYPES = YES;
				CLANG_WARN_SUSPICIOUS_MOVE = YES;
				CLANG_WARN_UNGUARDED_AVAILABILITY = YES_AGGRESSIVE;
				CLANG_WARN_UNREACHABLE_CODE = YES;
				CLANG_WARN__DUPLICATE_METHOD_MATCH = YES;
				COPY_PHASE_STRIP = NO;
				DEBUG_INFORMATION_FORMAT = "dwarf-with-dsym";
				ENABLE_NS_ASSERTIONS = NO;
				ENABLE_STRICT_OBJC_MSGSEND = YES;
				GCC_C_LANGUAGE_STANDARD = gnu11;
				GCC_NO_COMMON_BLOCKS = YES;
				GCC_WARN_64_TO_32_BIT_CONVERSION = YES;
				GCC_WARN_ABOUT_RETURN_TYPE = YES_ERROR;
				GCC_WARN_UNDECLARED_SELECTOR = YES;
				GCC_WARN_UNINITIALIZED_AUTOS = YES_AGGRESSIVE;
				GCC_WARN_UNUSED_FUNCTION = YES;
				GCC_WARN_UNUSED_VARIABLE = YES;
				IPHONEOS_DEPLOYMENT_TARGET = 15.5;
				MTL_ENABLE_DEBUG_INFO = NO;
				MTL_FAST_MATH = YES;
				SDKROOT = iphoneos;
				SWIFT_COMPILATION_MODE = wholemodule;
				SWIFT_OPTIMIZATION_LEVEL = "-O";
				VALIDATE_PRODUCT = YES;
			};
			name = Release;
		};
		41708C0A28ACE9380062808A /* Debug */ = {
			isa = XCBuildConfiguration;
			baseConfigurationReference = 03E6D1C1BE3C8C2B2A5313F4 /* Pods-exam002StackExchange.debug.xcconfig */;
			buildSettings = {
				ASSETCATALOG_COMPILER_APPICON_NAME = AppIcon;
				ASSETCATALOG_COMPILER_GLOBAL_ACCENT_COLOR_NAME = AccentColor;
				CODE_SIGN_STYLE = Automatic;
				CURRENT_PROJECT_VERSION = 1;
				DEVELOPMENT_TEAM = TS3JP5P59U;
				GENERATE_INFOPLIST_FILE = YES;
				INFOPLIST_FILE = exam002StackExchange/Info.plist;
				INFOPLIST_KEY_UIApplicationSupportsIndirectInputEvents = YES;
				INFOPLIST_KEY_UILaunchStoryboardName = LaunchScreen;
				INFOPLIST_KEY_UIMainStoryboardFile = Main;
				INFOPLIST_KEY_UISupportedInterfaceOrientations_iPad = "UIInterfaceOrientationPortrait UIInterfaceOrientationPortraitUpsideDown UIInterfaceOrientationLandscapeLeft UIInterfaceOrientationLandscapeRight";
				INFOPLIST_KEY_UISupportedInterfaceOrientations_iPhone = "UIInterfaceOrientationPortrait UIInterfaceOrientationLandscapeLeft UIInterfaceOrientationLandscapeRight";
				LD_RUNPATH_SEARCH_PATHS = (
					"$(inherited)",
					"@executable_path/Frameworks",
				);
				MARKETING_VERSION = 1.0;
				PRODUCT_BUNDLE_IDENTIFIER = akimov.exam002StackExchange;
				PRODUCT_NAME = "$(TARGET_NAME)";
				SWIFT_EMIT_LOC_STRINGS = YES;
				SWIFT_VERSION = 5.0;
				TARGETED_DEVICE_FAMILY = "1,2";
			};
			name = Debug;
		};
		41708C0B28ACE9380062808A /* Release */ = {
			isa = XCBuildConfiguration;
			baseConfigurationReference = 133CDD7788CF427331E711CF /* Pods-exam002StackExchange.release.xcconfig */;
			buildSettings = {
				ASSETCATALOG_COMPILER_APPICON_NAME = AppIcon;
				ASSETCATALOG_COMPILER_GLOBAL_ACCENT_COLOR_NAME = AccentColor;
				CODE_SIGN_STYLE = Automatic;
				CURRENT_PROJECT_VERSION = 1;
				DEVELOPMENT_TEAM = TS3JP5P59U;
				GENERATE_INFOPLIST_FILE = YES;
				INFOPLIST_FILE = exam002StackExchange/Info.plist;
				INFOPLIST_KEY_UIApplicationSupportsIndirectInputEvents = YES;
				INFOPLIST_KEY_UILaunchStoryboardName = LaunchScreen;
				INFOPLIST_KEY_UIMainStoryboardFile = Main;
				INFOPLIST_KEY_UISupportedInterfaceOrientations_iPad = "UIInterfaceOrientationPortrait UIInterfaceOrientationPortraitUpsideDown UIInterfaceOrientationLandscapeLeft UIInterfaceOrientationLandscapeRight";
				INFOPLIST_KEY_UISupportedInterfaceOrientations_iPhone = "UIInterfaceOrientationPortrait UIInterfaceOrientationLandscapeLeft UIInterfaceOrientationLandscapeRight";
				LD_RUNPATH_SEARCH_PATHS = (
					"$(inherited)",
					"@executable_path/Frameworks",
				);
				MARKETING_VERSION = 1.0;
				PRODUCT_BUNDLE_IDENTIFIER = akimov.exam002StackExchange;
				PRODUCT_NAME = "$(TARGET_NAME)";
				SWIFT_EMIT_LOC_STRINGS = YES;
				SWIFT_VERSION = 5.0;
				TARGETED_DEVICE_FAMILY = "1,2";
			};
			name = Release;
		};
/* End XCBuildConfiguration section */

/* Begin XCConfigurationList section */
		41708BF028ACE9370062808A /* Build configuration list for PBXProject "exam002StackExchange" */ = {
			isa = XCConfigurationList;
			buildConfigurations = (
				41708C0728ACE9380062808A /* Debug */,
				41708C0828ACE9380062808A /* Release */,
			);
			defaultConfigurationIsVisible = 0;
			defaultConfigurationName = Release;
		};
		41708C0928ACE9380062808A /* Build configuration list for PBXNativeTarget "exam002StackExchange" */ = {
			isa = XCConfigurationList;
			buildConfigurations = (
				41708C0A28ACE9380062808A /* Debug */,
				41708C0B28ACE9380062808A /* Release */,
			);
			defaultConfigurationIsVisible = 0;
			defaultConfigurationName = Release;
		};
/* End XCConfigurationList section */
	};
	rootObject = 41708BED28ACE9370062808A /* Project object */;
}
